#MicroXplorer Configuration settings - do not modify
Mcu.Family=STM32F4
ProjectManager.MainLocation=Core/Src
PA6.Mode=Full_Duplex_Master
USB_DEVICE.CLASS_NAME_FS=CDC
ProjectManager.ProjectFileName=gba-link-cable.ioc
RCC.CortexFreq_Value=16000000
PA7.Mode=Full_Duplex_Master
VP_MBEDTLS_VS_MBEDTLS.Mode=Enabled
ProjectManager.KeepUserCode=true
Mcu.UserName=STM32F401CBUx
Mcu.PinsNb=21
SPI1.VirtualType=VM_MASTER
ProjectManager.NoMain=false
SPI1.IPParameters=VirtualType,Mode,Direction,CalculateBaudRate,VirtualNSS
USB_DEVICE.VirtualModeFS=Cdc_FS
RCC.PLLCLKFreq_Value=120000000
RCC.PLLQCLKFreq_Value=48000000
ProjectManager.functionlistsort=1-SystemClock_Config-RCC-false-HAL-false
PH1\ -\ OSC_OUT.Mode=HSE-External-Oscillator
PA11.Mode=Device_Only
RCC.RTCFreq_Value=32000
PA3.GPIOParameters=GPIO_Label
ProjectManager.DefaultFWLocation=true
PB0.GPIO_Label=STATUS_SD
ProjectManager.DeletePrevious=true
PB10.Locked=true
USB_DEVICE.IPParameters=VirtualMode,VirtualModeFS,CLASS_NAME_FS
VP_MBEDTLS_VS_MBEDTLS.Signal=MBEDTLS_VS_MBEDTLS
PinOutPanel.RotationAngle=0
ProjectManager.StackSize=0x400
PA13.Signal=SYS_JTMS-SWDIO
Mcu.IP4=SPI1
Mcu.IP5=SYS
Mcu.IP2=NVIC
NVIC.SVCall_IRQn=true\:0\:0\:false\:false\:true\:false\:false
Mcu.IP3=RCC
Mcu.IP0=I2C1
Mcu.IP1=MBEDTLS
PA12.Signal=USB_OTG_FS_DP
PH0\ -\ OSC_IN.Mode=HSE-External-Oscillator
Mcu.UserConstants=
PH0\ -\ OSC_IN.Signal=RCC_OSC_IN
PA4.Mode=NSS_Signal_Hard_Output
ProjectManager.TargetToolchain=STM32CubeIDE
PB10.GPIO_Label=STATUS_SO
Mcu.ThirdPartyNb=0
SPI1.Direction=SPI_DIRECTION_2LINES
VP_USB_DEVICE_VS_USB_DEVICE_CDC_FS.Mode=CDC_FS
Mcu.IPNb=8
RCC.I2SClocksFreq_Value=160000000
ProjectManager.PreviousToolchain=
PB2.GPIOParameters=GPIO_Label
PB6.Signal=I2C1_SCL
RCC.VcooutputI2S=160000000
PB6.Mode=I2C
SPI1.CalculateBaudRate=8.0 MBits/s
Mcu.Pin6=PA7
Mcu.Pin7=PB0
ProjectManager.RegisterCallBack=
Mcu.Pin8=PB1
Mcu.Pin9=PB2
RCC.LSE_VALUE=32768
RCC.AHBFreq_Value=16000000
Mcu.Pin0=PH0 - OSC_IN
PB1.Locked=true
Mcu.Pin1=PH1 - OSC_OUT
Mcu.Pin2=PA3
PB10.Signal=GPIO_Output
Mcu.Pin3=PA4
Mcu.Pin4=PA5
RCC.VCOI2SOutputFreq_Value=320000000
Mcu.Pin5=PA6
PA5.Signal=SPI1_SCK
ProjectManager.ProjectBuild=false
RCC.HSE_VALUE=25000000
NVIC.UsageFault_IRQn=true\:0\:0\:false\:false\:true\:false\:false
NVIC.DebugMonitor_IRQn=true\:0\:0\:false\:false\:true\:false\:false
PH1\ -\ OSC_OUT.Signal=RCC_OSC_OUT
PB2.Signal=GPIO_Output
PB3.Mode=Trace_Asynchronous_SW
board=custom
RCC.VCOOutputFreq_Value=240000000
NVIC.SysTick_IRQn=true\:0\:0\:false\:false\:true\:false\:true
ProjectManager.LastFirmware=true
ProjectManager.FirmwarePackage=STM32Cube FW_F4 V1.26.1
MxDb.Version=DB.6.0.21
PB0.GPIOParameters=GPIO_Label
RCC.APB2Freq_Value=16000000
ProjectManager.BackupPrevious=false
MxCube.Version=6.2.1
RCC.VCOInputFreq_Value=1666666.6666666667
SPI1.Mode=SPI_MODE_MASTER
PA14.Mode=Trace_Asynchronous_SW
PB1.GPIO_Label=STATUS_CK
File.Version=6
VP_SYS_VS_Systick.Mode=SysTick
PB7.Signal=I2C1_SDA
NVIC.NonMaskableInt_IRQn=true\:0\:0\:false\:false\:true\:false\:false
SPI1.VirtualNSS=VM_NSSHARD
NVIC.PendSV_IRQn=true\:0\:0\:false\:false\:true\:false\:false
PA13.Mode=Trace_Asynchronous_SW
ProjectManager.FreePins=false
RCC.IPParameters=48MHZClocksFreq_Value,AHBFreq_Value,APB1Freq_Value,APB2Freq_Value,CortexFreq_Value,HSE_VALUE,HSI_VALUE,I2SClocksFreq_Value,LSE_VALUE,LSI_VALUE,PLLCLKFreq_Value,PLLM,PLLN,PLLQ,PLLQCLKFreq_Value,RTCFreq_Value,RTCHSEDivFreq_Value,SYSCLKFreq_VALUE,VCOI2SOutputFreq_Value,VCOInputFreq_Value,VCOOutputFreq_Value,VcooutputI2S
ProjectManager.AskForMigrate=true
Mcu.Name=STM32F401C(B-C)Ux
ProjectManager.HalAssertFull=false
PB0.Locked=true
RCC.RTCHSEDivFreq_Value=12500000
ProjectManager.ProjectName=gba-link-cable
ProjectManager.UnderRoot=true
PB2.Locked=true
Mcu.IP6=USB_DEVICE
Mcu.IP7=USB_OTG_FS
ProjectManager.CoupleFile=false
RCC.48MHZClocksFreq_Value=48000000
PB3.Signal=SYS_JTDO-SWO
PA4.Signal=SPI1_NSS
RCC.SYSCLKFreq_VALUE=16000000
Mcu.Package=UFQFPN48
PB1.Signal=GPIO_Output
PA6.Signal=SPI1_MISO
Mcu.Pin20=VP_USB_DEVICE_VS_USB_DEVICE_CDC_FS
PA3.Locked=true
PA12.Mode=Device_Only
NVIC.ForceEnableDMAVector=true
KeepUserPlacement=false
NVIC.MemoryManagement_IRQn=true\:0\:0\:false\:false\:true\:false\:false
NVIC.OTG_FS_IRQn=true\:0\:0\:false\:false\:true\:false\:true
ProjectManager.CompilerOptimize=6
ProjectManager.ToolChainLocation=
RCC.LSI_VALUE=32000
VP_SYS_VS_Systick.Signal=SYS_VS_Systick
PB7.Mode=I2C
PA11.Signal=USB_OTG_FS_DM
PA14.Signal=SYS_JTCK-SWCLK
USB_OTG_FS.VirtualMode=Device_Only
PB2.GPIO_Label=STATUS_SI
ProjectManager.HeapSize=0x200
Mcu.Pin15=PB3
NVIC.HardFault_IRQn=true\:0\:0\:false\:false\:true\:false\:false
Mcu.Pin16=PB6
VP_USB_DEVICE_VS_USB_DEVICE_CDC_FS.Signal=USB_DEVICE_VS_USB_DEVICE_CDC_FS
Mcu.Pin13=PA13
Mcu.Pin14=PA14
Mcu.Pin19=VP_SYS_VS_Systick
ProjectManager.ComputerToolchain=false
Mcu.Pin17=PB7
RCC.HSI_VALUE=16000000
Mcu.Pin18=VP_MBEDTLS_VS_MBEDTLS
RCC.PLLQ=5
NVIC.PriorityGroup=NVIC_PRIORITYGROUP_4
Mcu.Pin11=PA11
Mcu.Pin12=PA12
RCC.PLLM=15
RCC.PLLN=144
Mcu.Pin10=PB10
NVIC.BusFault_IRQn=true\:0\:0\:false\:false\:true\:false\:false
USB_OTG_FS.IPParameters=VirtualMode
PB10.GPIOParameters=GPIO_Label
RCC.APB1Freq_Value=16000000
PB0.Signal=GPIO_Output
USB_DEVICE.VirtualMode=Cdc
ProjectManager.CustomerFirmwarePackage=
ProjectManager.DeviceId=STM32F401CBUx
ProjectManager.LibraryCopy=1
PA3.GPIO_Label=DIR
PB1.GPIOParameters=GPIO_Label
PA3.Signal=GPIO_Output
PA5.Mode=Full_Duplex_Master
PA7.Signal=SPI1_MOSI
isbadioc=false
